
Microsoft Visual Studio Solution File, Format Version 12.00
# Visual Studio Version 17
VisualStudioVersion = 17.7.34202.233
MinimumVisualStudioVersion = 10.0.40219.1
Project("{FAE04EC0-301F-11D3-BF4B-00C04F79EFBC}") = "APP2", "APP2\APP2.csproj", "{673BCEE1-14A8-4730-9D10-91B7B78BE188}"
EndProject
Global
	GlobalSection(SolutionConfigurationPlatforms) = preSolution
		Debug|Any CPU = Debug|Any CPU
		Release|Any CPU = Release|Any CPU
	EndGlobalSection
	GlobalSection(ProjectConfigurationPlatforms) = postSolution
		{673BCEE1-14A8-4730-9D10-91B7B78BE188}.Debug|Any CPU.ActiveCfg = Debug|Any CPU
		{673BCEE1-14A8-4730-9D10-91B7B78BE188}.Debug|Any CPU.Build.0 = Debug|Any CPU
		{673BCEE1-14A8-4730-9D10-91B7B78BE188}.Release|Any CPU.ActiveCfg = Release|Any CPU
		{673BCEE1-14A8-4730-9D10-91B7B78BE188}.Release|Any CPU.Build.0 = Release|Any CPU
	EndGlobalSection
	GlobalSection(SolutionProperties) = preSolution
		HideSolutionNode = FALSE
	EndGlobalSection
	GlobalSection(ExtensibilityGlobals) = postSolution
		SolutionGuid = {3F0130C8-35B2-4644-93FB-04347505F517}
	EndGlobalSection
EndGlobal
